// !$*UTF8*$!
{
	archiveVersion = 1;
	classes = {
	};
	objectVersion = 46;
	objects = {

/* Begin PBXBuildFile section */
		375EC3411B6D8BBD00764955 /* AppDelegate.swift in Sources */ = {isa = PBXBuildFile; fileRef = 375EC3401B6D8BBD00764955 /* AppDelegate.swift */; };
		375EC3431B6D8BBD00764955 /* GameScene.sks in Resources */ = {isa = PBXBuildFile; fileRef = 375EC3421B6D8BBD00764955 /* GameScene.sks */; };
		375EC3451B6D8BBD00764955 /* GameScene.swift in Sources */ = {isa = PBXBuildFile; fileRef = 375EC3441B6D8BBD00764955 /* GameScene.swift */; };
		375EC3471B6D8BBD00764955 /* GameViewController.swift in Sources */ = {isa = PBXBuildFile; fileRef = 375EC3461B6D8BBD00764955 /* GameViewController.swift */; };
		375EC34A1B6D8BBD00764955 /* Main.storyboard in Resources */ = {isa = PBXBuildFile; fileRef = 375EC3481B6D8BBD00764955 /* Main.storyboard */; };
		375EC34C1B6D8BBD00764955 /* Images.xcassets in Resources */ = {isa = PBXBuildFile; fileRef = 375EC34B1B6D8BBD00764955 /* Images.xcassets */; };
		375EC34F1B6D8BBD00764955 /* LaunchScreen.xib in Resources */ = {isa = PBXBuildFile; fileRef = 375EC34D1B6D8BBD00764955 /* LaunchScreen.xib */; };
		375EC35B1B6D8BBE00764955 /* TouchDriveTests.swift in Sources */ = {isa = PBXBuildFile; fileRef = 375EC35A1B6D8BBE00764955 /* TouchDriveTests.swift */; };
		375EC3651B6D909000764955 /* GameScene2.swift in Sources */ = {isa = PBXBuildFile; fileRef = 375EC3641B6D909000764955 /* GameScene2.swift */; };
		375EC3671B6D91C500764955 /* GameScene2.sks in Resources */ = {isa = PBXBuildFile; fileRef = 375EC3661B6D91C500764955 /* GameScene2.sks */; };
		37B9F74B1B6E1937001588D5 /* Road.swift in Sources */ = {isa = PBXBuildFile; fileRef = 37B9F74A1B6E1937001588D5 /* Road.swift */; };
		37B9F74D1B6E1B94001588D5 /* Vehicle.swift in Sources */ = {isa = PBXBuildFile; fileRef = 37B9F74C1B6E1B94001588D5 /* Vehicle.swift */; };
		37B9F74F1B6E1C75001588D5 /* MyVehicle.swift in Sources */ = {isa = PBXBuildFile; fileRef = 37B9F74E1B6E1C75001588D5 /* MyVehicle.swift */; };
		37B9F7511B6E1D62001588D5 /* MyController.swift in Sources */ = {isa = PBXBuildFile; fileRef = 37B9F7501B6E1D62001588D5 /* MyController.swift */; };
/* End PBXBuildFile section */

/* Begin PBXContainerItemProxy section */
		375EC3551B6D8BBE00764955 /* PBXContainerItemProxy */ = {
			isa = PBXContainerItemProxy;
			containerPortal = 375EC3331B6D8BBD00764955 /* Project object */;
			proxyType = 1;
			remoteGlobalIDString = 375EC33A1B6D8BBD00764955;
			remoteInfo = TouchDrive;
		};
/* End PBXContainerItemProxy section */

/* Begin PBXFileReference section */
		375EC33B1B6D8BBD00764955 /* TouchDrive.app */ = {isa = PBXFileReference; explicitFileType = wrapper.application; includeInIndex = 0; path = TouchDrive.app; sourceTree = BUILT_PRODUCTS_DIR; };
		375EC33F1B6D8BBD00764955 /* Info.plist */ = {isa = PBXFileReference; lastKnownFileType = text.plist.xml; path = Info.plist; sourceTree = "<group>"; };
		375EC3401B6D8BBD00764955 /* AppDelegate.swift */ = {isa = PBXFileReference; lastKnownFileType = sourcecode.swift; path = AppDelegate.swift; sourceTree = "<group>"; };
		375EC3421B6D8BBD00764955 /* GameScene.sks */ = {isa = PBXFileReference; lastKnownFileType = file.sks; path = GameScene.sks; sourceTree = "<group>"; };
		375EC3441B6D8BBD00764955 /* GameScene.swift */ = {isa = PBXFileReference; lastKnownFileType = sourcecode.swift; path = GameScene.swift; sourceTree = "<group>"; };
		375EC3461B6D8BBD00764955 /* GameViewController.swift */ = {isa = PBXFileReference; lastKnownFileType = sourcecode.swift; path = GameViewController.swift; sourceTree = "<group>"; };
		375EC3491B6D8BBD00764955 /* Base */ = {isa = PBXFileReference; lastKnownFileType = file.storyboard; name = Base; path = Base.lproj/Main.storyboard; sourceTree = "<group>"; };
		375EC34B1B6D8BBD00764955 /* Images.xcassets */ = {isa = PBXFileReference; lastKnownFileType = folder.assetcatalog; path = Images.xcassets; sourceTree = "<group>"; };
		375EC34E1B6D8BBD00764955 /* Base */ = {isa = PBXFileReference; lastKnownFileType = file.xib; name = Base; path = Base.lproj/LaunchScreen.xib; sourceTree = "<group>"; };
		375EC3541B6D8BBE00764955 /* TouchDriveTests.xctest */ = {isa = PBXFileReference; explicitFileType = wrapper.cfbundle; includeInIndex = 0; path = TouchDriveTests.xctest; sourceTree = BUILT_PRODUCTS_DIR; };
		375EC3591B6D8BBE00764955 /* Info.plist */ = {isa = PBXFileReference; lastKnownFileType = text.plist.xml; path = Info.plist; sourceTree = "<group>"; };
		375EC35A1B6D8BBE00764955 /* TouchDriveTests.swift */ = {isa = PBXFileReference; lastKnownFileType = sourcecode.swift; path = TouchDriveTests.swift; sourceTree = "<group>"; };
		375EC3641B6D909000764955 /* GameScene2.swift */ = {isa = PBXFileReference; fileEncoding = 4; lastKnownFileType = sourcecode.swift; path = GameScene2.swift; sourceTree = "<group>"; };
		375EC3661B6D91C500764955 /* GameScene2.sks */ = {isa = PBXFileReference; lastKnownFileType = file.sks; path = GameScene2.sks; sourceTree = "<group>"; };
		37B9F74A1B6E1937001588D5 /* Road.swift */ = {isa = PBXFileReference; fileEncoding = 4; lastKnownFileType = sourcecode.swift; path = Road.swift; sourceTree = "<group>"; };
		37B9F74C1B6E1B94001588D5 /* Vehicle.swift */ = {isa = PBXFileReference; fileEncoding = 4; lastKnownFileType = sourcecode.swift; path = Vehicle.swift; sourceTree = "<group>"; };
		37B9F74E1B6E1C75001588D5 /* MyVehicle.swift */ = {isa = PBXFileReference; fileEncoding = 4; lastKnownFileType = sourcecode.swift; path = MyVehicle.swift; sourceTree = "<group>"; };
		37B9F7501B6E1D62001588D5 /* MyController.swift */ = {isa = PBXFileReference; fileEncoding = 4; lastKnownFileType = sourcecode.swift; path = MyController.swift; sourceTree = "<group>"; };
/* End PBXFileReference section */

/* Begin PBXFrameworksBuildPhase section */
		375EC3381B6D8BBD00764955 /* Frameworks */ = {
			isa = PBXFrameworksBuildPhase;
			buildActionMask = 2147483647;
			files = (
			);
			runOnlyForDeploymentPostprocessing = 0;
		};
		375EC3511B6D8BBE00764955 /* Frameworks */ = {
			isa = PBXFrameworksBuildPhase;
			buildActionMask = 2147483647;
			files = (
			);
			runOnlyForDeploymentPostprocessing = 0;
		};
/* End PBXFrameworksBuildPhase section */

/* Begin PBXGroup section */
		375EC3321B6D8BBD00764955 = {
			isa = PBXGroup;
			children = (
				375EC33D1B6D8BBD00764955 /* TouchDrive */,
				375EC3571B6D8BBE00764955 /* TouchDriveTests */,
				375EC33C1B6D8BBD00764955 /* Products */,
			);
			sourceTree = "<group>";
		};
		375EC33C1B6D8BBD00764955 /* Products */ = {
			isa = PBXGroup;
			children = (
				375EC33B1B6D8BBD00764955 /* TouchDrive.app */,
				375EC3541B6D8BBE00764955 /* TouchDriveTests.xctest */,
			);
			name = Products;
			sourceTree = "<group>";
		};
		375EC33D1B6D8BBD00764955 /* TouchDrive */ = {
			isa = PBXGroup;
			children = (
				37B9F7491B6E18F4001588D5 /* Models */,
				375EC3401B6D8BBD00764955 /* AppDelegate.swift */,
				375EC3421B6D8BBD00764955 /* GameScene.sks */,
				375EC3661B6D91C500764955 /* GameScene2.sks */,
				375EC3441B6D8BBD00764955 /* GameScene.swift */,
				375EC3641B6D909000764955 /* GameScene2.swift */,
				375EC3461B6D8BBD00764955 /* GameViewController.swift */,
				375EC3481B6D8BBD00764955 /* Main.storyboard */,
				375EC34B1B6D8BBD00764955 /* Images.xcassets */,
				375EC34D1B6D8BBD00764955 /* LaunchScreen.xib */,
				375EC33E1B6D8BBD00764955 /* Supporting Files */,
			);
			path = TouchDrive;
			sourceTree = "<group>";
		};
		375EC33E1B6D8BBD00764955 /* Supporting Files */ = {
			isa = PBXGroup;
			children = (
				375EC33F1B6D8BBD00764955 /* Info.plist */,
			);
			name = "Supporting Files";
			sourceTree = "<group>";
		};
		375EC3571B6D8BBE00764955 /* TouchDriveTests */ = {
			isa = PBXGroup;
			children = (
				375EC35A1B6D8BBE00764955 /* TouchDriveTests.swift */,
				375EC3581B6D8BBE00764955 /* Supporting Files */,
			);
			path = TouchDriveTests;
			sourceTree = "<group>";
		};
		375EC3581B6D8BBE00764955 /* Supporting Files */ = {
			isa = PBXGroup;
			children = (
				375EC3591B6D8BBE00764955 /* Info.plist */,
			);
			name = "Supporting Files";
			sourceTree = "<group>";
		};
		37B9F7491B6E18F4001588D5 /* Models */ = {
			isa = PBXGroup;
			children = (
				37B9F74A1B6E1937001588D5 /* Road.swift */,
				37B9F74C1B6E1B94001588D5 /* Vehicle.swift */,
				37B9F74E1B6E1C75001588D5 /* MyVehicle.swift */,
				37B9F7501B6E1D62001588D5 /* MyController.swift */,
			);
			name = Models;
			sourceTree = "<group>";
		};
/* End PBXGroup section */

/* Begin PBXNativeTarget section */
		375EC33A1B6D8BBD00764955 /* TouchDrive */ = {
			isa = PBXNativeTarget;
			buildConfigurationList = 375EC35E1B6D8BBE00764955 /* Build configuration list for PBXNativeTarget "TouchDrive" */;
			buildPhases = (
				375EC3371B6D8BBD00764955 /* Sources */,
				375EC3381B6D8BBD00764955 /* Frameworks */,
				375EC3391B6D8BBD00764955 /* Resources */,
			);
			buildRules = (
			);
			dependencies = (
			);
			name = TouchDrive;
			productName = TouchDrive;
			productReference = 375EC33B1B6D8BBD00764955 /* TouchDrive.app */;
			productType = "com.apple.product-type.application";
		};
		375EC3531B6D8BBE00764955 /* TouchDriveTests */ = {
			isa = PBXNativeTarget;
			buildConfigurationList = 375EC3611B6D8BBE00764955 /* Build configuration list for PBXNativeTarget "TouchDriveTests" */;
			buildPhases = (
				375EC3501B6D8BBE00764955 /* Sources */,
				375EC3511B6D8BBE00764955 /* Frameworks */,
				375EC3521B6D8BBE00764955 /* Resources */,
			);
			buildRules = (
			);
			dependencies = (
				375EC3561B6D8BBE00764955 /* PBXTargetDependency */,
			);
			name = TouchDriveTests;
			productName = TouchDriveTests;
			productReference = 375EC3541B6D8BBE00764955 /* TouchDriveTests.xctest */;
			productType = "com.apple.product-type.bundle.unit-test";
		};
/* End PBXNativeTarget section */

/* Begin PBXProject section */
		375EC3331B6D8BBD00764955 /* Project object */ = {
			isa = PBXProject;
			attributes = {
				LastUpgradeCheck = 0640;
				ORGANIZATIONNAME = "Pajaron Creative";
				TargetAttributes = {
					375EC33A1B6D8BBD00764955 = {
						CreatedOnToolsVersion = 6.4;
					};
					375EC3531B6D8BBE00764955 = {
						CreatedOnToolsVersion = 6.4;
						TestTargetID = 375EC33A1B6D8BBD00764955;
					};
				};
			};
			buildConfigurationList = 375EC3361B6D8BBD00764955 /* Build configuration list for PBXProject "TouchDrive" */;
			compatibilityVersion = "Xcode 3.2";
			developmentRegion = English;
			hasScannedForEncodings = 0;
			knownRegions = (
				en,
				Base,
			);
			mainGroup = 375EC3321B6D8BBD00764955;
			productRefGroup = 375EC33C1B6D8BBD00764955 /* Products */;
			projectDirPath = "";
			projectRoot = "";
			targets = (
				375EC33A1B6D8BBD00764955 /* TouchDrive */,
				375EC3531B6D8BBE00764955 /* TouchDriveTests */,
			);
		};
/* End PBXProject section */

/* Begin PBXResourcesBuildPhase section */
		375EC3391B6D8BBD00764955 /* Resources */ = {
			isa = PBXResourcesBuildPhase;
			buildActionMask = 2147483647;
			files = (
				375EC34F1B6D8BBD00764955 /* LaunchScreen.xib in Resources */,
				375EC34C1B6D8BBD00764955 /* Images.xcassets in Resources */,
				375EC3671B6D91C500764955 /* GameScene2.sks in Resources */,
				375EC3431B6D8BBD00764955 /* GameScene.sks in Resources */,
				375EC34A1B6D8BBD00764955 /* Main.storyboard in Resources */,
			);
			runOnlyForDeploymentPostprocessing = 0;
		};
		375EC3521B6D8BBE00764955 /* Resources */ = {
			isa = PBXResourcesBuildPhase;
			buildActionMask = 2147483647;
			files = (
			);
			runOnlyForDeploymentPostprocessing = 0;
		};
/* End PBXResourcesBuildPhase section */

/* Begin PBXSourcesBuildPhase section */
		375EC3371B6D8BBD00764955 /* Sources */ = {
			isa = PBXSourcesBuildPhase;
			buildActionMask = 2147483647;
			files = (
				37B9F74D1B6E1B94001588D5 /* Vehicle.swift in Sources */,
				37B9F74F1B6E1C75001588D5 /* MyVehicle.swift in Sources */,
				37B9F74B1B6E1937001588D5 /* Road.swift in Sources */,
				375EC3451B6D8BBD00764955 /* GameScene.swift in Sources */,
				375EC3651B6D909000764955 /* GameScene2.swift in Sources */,
				375EC3471B6D8BBD00764955 /* GameViewController.swift in Sources */,
				375EC3411B6D8BBD00764955 /* AppDelegate.swift in Sources */,
				37B9F7511B6E1D62001588D5 /* MyController.swift in Sources */,
			);
			runOnlyForDeploymentPostprocessing = 0;
		};
		375EC3501B6D8BBE00764955 /* Sources */ = {
			isa = PBXSourcesBuildPhase;
			buildActionMask = 2147483647;
			files = (
				375EC35B1B6D8BBE00764955 /* TouchDriveTests.swift in Sources */,
			);
			runOnlyForDeploymentPostprocessing = 0;
		};
/* End PBXSourcesBuildPhase section */

/* Begin PBXTargetDependency section */
		375EC3561B6D8BBE00764955 /* PBXTargetDependency */ = {
			isa = PBXTargetDependency;
			target = 375EC33A1B6D8BBD00764955 /* TouchDrive */;
			targetProxy = 375EC3551B6D8BBE00764955 /* PBXContainerItemProxy */;
		};
/* End PBXTargetDependency section */

/* Begin PBXVariantGroup section */
		375EC3481B6D8BBD00764955 /* Main.storyboard */ = {
			isa = PBXVariantGroup;
			children = (
				375EC3491B6D8BBD00764955 /* Base */,
			);
			name = Main.storyboard;
			sourceTree = "<group>";
		};
		375EC34D1B6D8BBD00764955 /* LaunchScreen.xib */ = {
			isa = PBXVariantGroup;
			children = (
				375EC34E1B6D8BBD00764955 /* Base */,
			);
			name = LaunchScreen.xib;
			sourceTree = "<group>";
		};
/* End PBXVariantGroup section */

/* Begin XCBuildConfiguration section */
		375EC35C1B6D8BBE00764955 /* Debug */ = {
			isa = XCBuildConfiguration;
			buildSettings = {
				ALWAYS_SEARCH_USER_PATHS = NO;
				CLANG_CXX_LANGUAGE_STANDARD = "gnu++0x";
				CLANG_CXX_LIBRARY = "libc++";
				CLANG_ENABLE_MODULES = YES;
				CLANG_ENABLE_OBJC_ARC = YES;
				CLANG_WARN_BOOL_CONVERSION = YES;
				CLANG_WARN_CONSTANT_CONVERSION = YES;
				CLANG_WARN_DIRECT_OBJC_ISA_USAGE = YES_ERROR;
				CLANG_WARN_EMPTY_BODY = YES;
				CLANG_WARN_ENUM_CONVERSION = YES;
				CLANG_WARN_INT_CONVERSION = YES;
				CLANG_WARN_OBJC_ROOT_CLASS = YES_ERROR;
				CLANG_WARN_UNREACHABLE_CODE = YES;
				CLANG_WARN__DUPLICATE_METHOD_MATCH = YES;
				"CODE_SIGN_IDENTITY[sdk=iphoneos*]" = "iPhone Developer";
				COPY_PHASE_STRIP = NO;
				DEBUG_INFORMATION_FORMAT = "dwarf-with-dsym";
				ENABLE_STRICT_OBJC_MSGSEND = YES;
				GCC_C_LANGUAGE_STANDARD = gnu99;
				GCC_DYNAMIC_NO_PIC = NO;
				GCC_NO_COMMON_BLOCKS = YES;
				GCC_OPTIMIZATION_LEVEL = 0;
				GCC_PREPROCESSOR_DEFINITIONS = (
					"DEBUG=1",
					"$(inherited)",
				);
				GCC_SYMBOLS_PRIVATE_EXTERN = NO;
				GCC_WARN_64_TO_32_BIT_CONVERSION = YES;
				GCC_WARN_ABOUT_RETURN_TYPE = YES_ERROR;
				GCC_WARN_UNDECLARED_SELECTOR = YES;
				GCC_WARN_UNINITIALIZED_AUTOS = YES_AGGRESSIVE;
				GCC_WARN_UNUSED_FUNCTION = YES;
				GCC_WARN_UNUSED_VARIABLE = YES;
				IPHONEOS_DEPLOYMENT_TARGET = 8.4;
				MTL_ENABLE_DEBUG_INFO = YES;
				ONLY_ACTIVE_ARCH = YES;
				SDKROOT = iphoneos;
				SWIFT_OPTIMIZATION_LEVEL = "-Onone";
				TARGETED_DEVICE_FAMILY = "1,2";
			};
			name = Debug;
		};
		375EC35D1B6D8BBE00764955 /* Release */ = {
			isa = XCBuildConfiguration;
			buildSettings = {
				ALWAYS_SEARCH_USER_PATHS = NO;
				CLANG_CXX_LANGUAGE_STANDARD = "gnu++0x";
				CLANG_CXX_LIBRARY = "libc++";
				CLANG_ENABLE_MODULES = YES;
				CLANG_ENABLE_OBJC_ARC = YES;
				CLANG_WARN_BOOL_CONVERSION = YES;
				CLANG_WARN_CONSTANT_CONVERSION = YES;
				CLANG_WARN_DIRECT_OBJC_ISA_USAGE = YES_ERROR;
				CLANG_WARN_EMPTY_BODY = YES;
				CLANG_WARN_ENUM_CONVERSION = YES;
				CLANG_WARN_INT_CONVERSION = YES;
				CLANG_WARN_OBJC_ROOT_CLASS = YES_ERROR;
				CLANG_WARN_UNREACHABLE_CODE = YES;
				CLANG_WARN__DUPLICATE_METHOD_MATCH = YES;
				"CODE_SIGN_IDENTITY[sdk=iphoneos*]" = "iPhone Developer";
				COPY_PHASE_STRIP = NO;
				DEBUG_INFORMATION_FORMAT = "dwarf-with-dsym";
				ENABLE_NS_ASSERTIONS = NO;
				ENABLE_STRICT_OBJC_MSGSEND = YES;
				GCC_C_LANGUAGE_STANDARD = gnu99;
				GCC_NO_COMMON_BLOCKS = YES;
				GCC_WARN_64_TO_32_BIT_CONVERSION = YES;
				GCC_WARN_ABOUT_RETURN_TYPE = YES_ERROR;
				GCC_WARN_UNDECLARED_SELECTOR = YES;
				GCC_WARN_UNINITIALIZED_AUTOS = YES_AGGRESSIVE;
				GCC_WARN_UNUSED_FUNCTION = YES;
				GCC_WARN_UNUSED_VARIABLE = YES;
				IPHONEOS_DEPLOYMENT_TARGET = 8.4;
				MTL_ENABLE_DEBUG_INFO = NO;
				SDKROOT = iphoneos;
				TARGETED_DEVICE_FAMILY = "1,2";
				VALIDATE_PRODUCT = YES;
			};
			name = Release;
		};
		375EC35F1B6D8BBE00764955 /* Debug */ = {
			isa = XCBuildConfiguration;
			buildSettings = {
				ASSETCATALOG_COMPILER_APPICON_NAME = AppIcon;
				INFOPLIST_FILE = TouchDrive/Info.plist;
				LD_RUNPATH_SEARCH_PATHS = "$(inherited) @executable_path/Frameworks";
				PRODUCT_NAME = "$(TARGET_NAME)";
			};
			name = Debug;
		};
		375EC3601B6D8BBE00764955 /* Release */ = {
			isa = XCBuildConfiguration;
			buildSettings = {
				ASSETCATALOG_COMPILER_APPICON_NAME = AppIcon;
				INFOPLIST_FILE = TouchDrive/Info.plist;
				LD_RUNPATH_SEARCH_PATHS = "$(inherited) @executable_path/Frameworks";
				PRODUCT_NAME = "$(TARGET_NAME)";
			};
			name = Release;
		};
		375EC3621B6D8BBE00764955 /* Debug */ = {
			isa = XCBuildConfiguration;
			buildSettings = {
				BUNDLE_LOADER = "$(TEST_HOST)";
				FRAMEWORK_SEARCH_PATHS = (
					"$(SDKROOT)/Developer/Library/Frameworks",
					"$(inherited)",
				);
				GCC_PREPROCESSOR_DEFINITIONS = (
					"DEBUG=1",
					"$(inherited)",
				);
				INFOPLIST_FILE = TouchDriveTests/Info.plist;
				LD_RUNPATH_SEARCH_PATHS = "$(inherited) @executable_path/Frameworks @loader_path/Frameworks";
				PRODUCT_NAME = "$(TARGET_NAME)";
				TEST_HOST = "$(BUILT_PRODUCTS_DIR)/TouchDrive.app/TouchDrive";
			};
			name = Debug;
		};
		375EC3631B6D8BBE00764955 /* Release */ = {
			isa = XCBuildConfiguration;
			buildSettings = {
				BUNDLE_LOADER = "$(TEST_HOST)";
				FRAMEWORK_SEARCH_PATHS = (
					"$(SDKROOT)/Developer/Library/Frameworks",
					"$(inherited)",
				);
				INFOPLIST_FILE = TouchDriveTests/Info.plist;
				LD_RUNPATH_SEARCH_PATHS = "$(inherited) @executable_path/Frameworks @loader_path/Frameworks";
				PRODUCT_NAME = "$(TARGET_NAME)";
				TEST_HOST = "$(BUILT_PRODUCTS_DIR)/TouchDrive.app/TouchDrive";
			};
			name = Release;
		};
/* End XCBuildConfiguration section */

/* Begin XCConfigurationList section */
		375EC3361B6D8BBD00764955 /* Build configuration list for PBXProject "TouchDrive" */ = {
			isa = XCConfigurationList;
			buildConfigurations = (
				375EC35C1B6D8BBE00764955 /* Debug */,
				375EC35D1B6D8BBE00764955 /* Release */,
			);
			defaultConfigurationIsVisible = 0;
			defaultConfigurationName = Release;
		};
		375EC35E1B6D8BBE00764955 /* Build configuration list for PBXNativeTarget "TouchDrive" */ = {
			isa = XCConfigurationList;
			buildConfigurations = (
				375EC35F1B6D8BBE00764955 /* Debug */,
				375EC3601B6D8BBE00764955 /* Release */,
			);
			defaultConfigurationIsVisible = 0;
			defaultConfigurationName = Release;
		};
		375EC3611B6D8BBE00764955 /* Build configuration list for PBXNativeTarget "TouchDriveTests" */ = {
			isa = XCConfigurationList;
			buildConfigurations = (
				375EC3621B6D8BBE00764955 /* Debug */,
				375EC3631B6D8BBE00764955 /* Release */,
			);
			defaultConfigurationIsVisible = 0;
			defaultConfigurationName = Release;
		};
/* End XCConfigurationList section */
	};
	rootObject = 375EC3331B6D8BBD00764955 /* Project object */;
}
